
Microsoft Visual Studio Solution File, Format Version 12.00
Project("{FAE04EC0-301F-11D3-BF4B-00C04F79EFBC}") = "WingsClient", "WingsClient\WingsClient.csproj", "{95A4544E-85BF-4E67-9968-AB1ED9BCA179}"
EndProject
Global
	GlobalSection(SolutionConfigurationPlatforms) = preSolution
		Debug|Any CPU = Debug|Any CPU
		Release|Any CPU = Release|Any CPU
	EndGlobalSection
	GlobalSection(ProjectConfigurationPlatforms) = postSolution
		{95A4544E-85BF-4E67-9968-AB1ED9BCA179}.Debug|Any CPU.ActiveCfg = Debug|Any CPU
		{95A4544E-85BF-4E67-9968-AB1ED9BCA179}.Debug|Any CPU.Build.0 = Debug|Any CPU
		{95A4544E-85BF-4E67-9968-AB1ED9BCA179}.Release|Any CPU.ActiveCfg = Release|Any CPU
		{95A4544E-85BF-4E67-9968-AB1ED9BCA179}.Release|Any CPU.Build.0 = Release|Any CPU
	EndGlobalSection
EndGlobal
